# This file is automatically generated by Poetry and should not be manually edited.

[[package]]
name = "aiohappyeyeballs"
version = "2.4.4"
description = "Happy Eyeballs for asyncio"
category = "main"
optional = false
python-versions = ">=3.7"

[[package]]
name = "aiohttp"
version = "3.11.12"
description = "Async http client/server framework (asyncio)"
category = "main"
optional = false
python-versions = ">=3.8"

[[package]]
name = "confluent-kafka"
version = "2.8.0"
description = "Confluent's Python client for Apache Kafka"
category = "main"
optional = false
python-versions = ">=3.6"

[[package]]
name = "greenlet"
version = "3.1.1"
description = "Lightweight in-process concurrent programming"
category = "main"
optional = false
python-versions = ">=3.7"

[[package]]
name = "jedi"
version = "0.19.2"
description = "An autocompletion tool for Python that can be used for text editors."
category = "main"
optional = false
python-versions = ">=3.6"

[[package]]
name = "numpy"
version = "2.2.0"
description = "NumPy is the fundamental package for array computing with Python."
category = "main"
optional = false
python-versions = ">=3.8"

[[package]]
name = "psycopg-binary"
version = "3.2.4"
description = "PostgreSQL database adapter for Python"
category = "main"
optional = false
python-versions = ">=3.8"

[[package]]
name = "psycopg2-binary"
version = "2.9.10"
description = "PostgreSQL database adapter for Python"
category = "main"
optional = false
python-versions = ">=3.6"

[metadata]
lock-version = "2.0"
python-versions = "^3.8"
content-hash = "your_content_hash_here"
